Microsoft Visual Studio Solution File, Format Version 12.00
# Visual Studio Version 16
VisualStudioVersion = 16.0.30503.244
MinimumVisualStudioVersion = 15.0.26124.0
Project("{9A19103F-16F7-4668-BE54-9A1E7A4F7556}") = "TrayPerfmon", "TrayPerfmon\TrayPerfmon.csproj", "{B009DB92-6AB4-4AA4-831E-585E9E73E31C}"
EndProject
Project("{9A19103F-16F7-4668-BE54-9A1E7A4F7556}") = "TrayPerfmon.Plugin", "TrayPerfmon.Plugin\TrayPerfmon.Plugin.csproj", "{2116734A-6824-4BCE-9BA5-2803060DFC1D}"
EndProject
Project("{2150E333-8FDC-42A3-9474-1A3956D46DE8}") = "Plugins", "Plugins", "{4DABDC3F-34F9-40E0-8E90-4B7CB5E73DBF}"
EndProject
Project("{9A19103F-16F7-4668-BE54-9A1E7A4F7556}") = "CpuBarGraphPlugin", "Plugins\CpuBarGraphPlugin\CpuBarGraphPlugin.csproj", "{7CFE1A4A-A5D0-42E5-9903-BB1ABB2BFCF4}"
EndProject
Project("{930C7802-8A8C-48F9-8165-68863BCCD9DD}") = "TrayPerfmon.Installer", "TrayPerfmon.Installer\TrayPerfmon.Installer.wixproj", "{F3B48ECB-C88A-4872-A7C4-714749608E14}"
	ProjectSection(ProjectDependencies) = postProject
		{7CFE1A4A-A5D0-42E5-9903-BB1ABB2BFCF4} = {7CFE1A4A-A5D0-42E5-9903-BB1ABB2BFCF4}
		{2116734A-6824-4BCE-9BA5-2803060DFC1D} = {2116734A-6824-4BCE-9BA5-2803060DFC1D}
		{B009DB92-6AB4-4AA4-831E-585E9E73E31C} = {B009DB92-6AB4-4AA4-831E-585E9E73E31C}
	EndProjectSection
EndProject
Global
	GlobalSection(SolutionConfigurationPlatforms) = preSolution
		Debug|Any CPU = Debug|Any CPU
		Release|Any CPU = Release|Any CPU
	EndGlobalSection
	GlobalSection(ProjectConfigurationPlatforms) = postSolution
		{B009DB92-6AB4-4AA4-831E-585E9E73E31C}.Debug|Any CPU.ActiveCfg = Debug|Any CPU
		{B009DB92-6AB4-4AA4-831E-585E9E73E31C}.Debug|Any CPU.Build.0 = Debug|Any CPU
		{B009DB92-6AB4-4AA4-831E-585E9E73E31C}.Release|Any CPU.ActiveCfg = Release|Any CPU
		{B009DB92-6AB4-4AA4-831E-585E9E73E31C}.Release|Any CPU.Build.0 = Release|Any CPU
		{2116734A-6824-4BCE-9BA5-2803060DFC1D}.Debug|Any CPU.ActiveCfg = Debug|Any CPU
		{2116734A-6824-4BCE-9BA5-2803060DFC1D}.Debug|Any CPU.Build.0 = Debug|Any CPU
		{2116734A-6824-4BCE-9BA5-2803060DFC1D}.Release|Any CPU.ActiveCfg = Release|Any CPU
		{2116734A-6824-4BCE-9BA5-2803060DFC1D}.Release|Any CPU.Build.0 = Release|Any CPU
		{7CFE1A4A-A5D0-42E5-9903-BB1ABB2BFCF4}.Debug|Any CPU.ActiveCfg = Debug|Any CPU
		{7CFE1A4A-A5D0-42E5-9903-BB1ABB2BFCF4}.Debug|Any CPU.Build.0 = Debug|Any CPU
		{7CFE1A4A-A5D0-42E5-9903-BB1ABB2BFCF4}.Release|Any CPU.ActiveCfg = Release|Any CPU
		{7CFE1A4A-A5D0-42E5-9903-BB1ABB2BFCF4}.Release|Any CPU.Build.0 = Release|Any CPU
		{F3B48ECB-C88A-4872-A7C4-714749608E14}.Debug|Any CPU.ActiveCfg = Debug|x64
		{F3B48ECB-C88A-4872-A7C4-714749608E14}.Release|Any CPU.ActiveCfg = Release|x64
	EndGlobalSection
	GlobalSection(SolutionProperties) = preSolution
		HideSolutionNode = FALSE
	EndGlobalSection
	GlobalSection(NestedProjects) = preSolution
		{7CFE1A4A-A5D0-42E5-9903-BB1ABB2BFCF4} = {4DABDC3F-34F9-40E0-8E90-4B7CB5E73DBF}
	EndGlobalSection
	GlobalSection(ExtensibilityGlobals) = postSolution
		SolutionGuid = {BC296176-91C7-46A0-B1A1-D239DC45CC80}
	EndGlobalSection
EndGlobal
